
Microsoft Visual Studio Solution File, Format Version 12.00
# Visual Studio Version 17
VisualStudioVersion = 17.5.002.0
MinimumVisualStudioVersion = 10.0.40219.1
Project("{9A19103F-16F7-4668-BE54-9A1E7A4F7556}") = "01_Hello_World", "01_Hello_World\01_Hello_World.csproj", "{61DD4880-2AF5-4D3F-8304-769AF5C49286}"
EndProject
Project("{9A19103F-16F7-4668-BE54-9A1E7A4F7556}") = "02_Introducao", "02_Introducao\02_Introducao.csproj", "{E0C9BB34-B18B-4FE7-BBE4-0DA7C6356BA8}"
EndProject
Project("{9A19103F-16F7-4668-BE54-9A1E7A4F7556}") = "03_operacoes", "03_operacoes\03_operacoes.csproj", "{8DC67972-D706-4940-9BBE-706405776843}"
EndProject
Project("{9A19103F-16F7-4668-BE54-9A1E7A4F7556}") = "04_Funcao_While", "04_Funcao_While\04_Funcao_While.csproj", "{5EAB07DA-6002-46F7-AB60-9F3EC30D172C}"
EndProject
Project("{9A19103F-16F7-4668-BE54-9A1E7A4F7556}") = "05_For_Array", "05_For_Array\05_For_Array.csproj", "{6166BF99-54D1-4124-970A-FCEE87D007AA}"
EndProject
Project("{9A19103F-16F7-4668-BE54-9A1E7A4F7556}") = "06_Sistemas_Passagem", "06_Sistemas_Passagem\06_Sistemas_Passagem.csproj", "{DC045041-9A0A-406A-9D9D-A5519D215D74}"
EndProject
Project("{9A19103F-16F7-4668-BE54-9A1E7A4F7556}") = "07_Classes_Objetos", "07_Classes_Objetos\07_Classes_Objetos.csproj", "{BC847F7D-F8A1-4316-86BD-37A996D0C176}"
EndProject
Project("{9A19103F-16F7-4668-BE54-9A1E7A4F7556}") = "08_Classe_Pantera", "08_Classe_Pantera\08_Classe_Pantera.csproj", "{3554B665-1454-46E2-83D6-F346D1EFEDAB}"
EndProject
Project("{9A19103F-16F7-4668-BE54-9A1E7A4F7556}") = "09_Heranca.Polimorfismo", "09_Heranca_Polimorfismo\09_Heranca.Polimorfismo.csproj", "{3CA31D86-D3CE-44F2-B863-55DEC47565B0}"
EndProject
Project("{9A19103F-16F7-4668-BE54-9A1E7A4F7556}") = "10_Metodos_Construtores", "10_Metodos_Construtores\10_Metodos_Construtores.csproj", "{1D9D8E50-DBA7-477D-9B03-7976D96BB20D}"
EndProject
Project("{9A19103F-16F7-4668-BE54-9A1E7A4F7556}") = "11_Classes_Anonimas", "11_Classes_Anonimas\11_Classes_Anonimas.csproj", "{188E3BE0-5B68-437D-B1B6-9DFC54810F6B}"
EndProject
Project("{9A19103F-16F7-4668-BE54-9A1E7A4F7556}") = "12_Classes_Abstratas", "12_Classes_Abstratas\12_Classes_Abstratas.csproj", "{8470D6B8-1DB0-48E7-9B8C-2638831DF276}"
EndProject
Project("{9A19103F-16F7-4668-BE54-9A1E7A4F7556}") = "Sistema_Bancario", "Sistema_Bancario\Sistema_Bancario.csproj", "{4C778146-94C3-4165-885C-AE2F94F76CFD}"
EndProject
Project("{2150E333-8FDC-42A3-9474-1A3956D46DE8}") = "exercicios", "exercicios", "{0A2E469E-1890-44A0-9A41-26609F01A754}"
EndProject
Project("{9A19103F-16F7-4668-BE54-9A1E7A4F7556}") = "ex001", "exercicios\ex001\ex001.csproj", "{86E8EB3B-BC53-4D3A-9671-861FAE979FDD}"
EndProject
Project("{9A19103F-16F7-4668-BE54-9A1E7A4F7556}") = "ex002", "exercicios\ex002\ex002.csproj", "{4FC7AADF-A009-4FD6-982F-CDE76EDBCD79}"
EndProject
Project("{9A19103F-16F7-4668-BE54-9A1E7A4F7556}") = "ex003", "exercicios\ex003\ex003.csproj", "{C68F83EF-B398-48C6-BDDC-7DFB12A6B379}"
EndProject
Project("{9A19103F-16F7-4668-BE54-9A1E7A4F7556}") = "ex004", "exercicios\ex004\ex004.csproj", "{30D4FB6B-441F-428A-9813-A5904D45C6B3}"
EndProject
Project("{9A19103F-16F7-4668-BE54-9A1E7A4F7556}") = "ex005", "exercicios\ex005\ex005.csproj", "{889A58C2-FF3F-4E70-BB3C-13FB98D0401F}"
EndProject
Project("{9A19103F-16F7-4668-BE54-9A1E7A4F7556}") = "ex006", "exercicios\ex006\ex006.csproj", "{16760C9D-144D-4B2B-9A8D-3FBFD6748424}"
EndProject
Project("{9A19103F-16F7-4668-BE54-9A1E7A4F7556}") = "ex007", "exercicios\ex007\ex007.csproj", "{C8CC60AA-986A-4C4C-910C-EB46FD7CBF23}"
EndProject
Global
	GlobalSection(SolutionConfigurationPlatforms) = preSolution
		Debug|Any CPU = Debug|Any CPU
		Release|Any CPU = Release|Any CPU
	EndGlobalSection
	GlobalSection(ProjectConfigurationPlatforms) = postSolution
		{61DD4880-2AF5-4D3F-8304-769AF5C49286}.Debug|Any CPU.ActiveCfg = Debug|Any CPU
		{61DD4880-2AF5-4D3F-8304-769AF5C49286}.Debug|Any CPU.Build.0 = Debug|Any CPU
		{61DD4880-2AF5-4D3F-8304-769AF5C49286}.Release|Any CPU.ActiveCfg = Release|Any CPU
		{61DD4880-2AF5-4D3F-8304-769AF5C49286}.Release|Any CPU.Build.0 = Release|Any CPU
		{E0C9BB34-B18B-4FE7-BBE4-0DA7C6356BA8}.Debug|Any CPU.ActiveCfg = Debug|Any CPU
		{E0C9BB34-B18B-4FE7-BBE4-0DA7C6356BA8}.Debug|Any CPU.Build.0 = Debug|Any CPU
		{E0C9BB34-B18B-4FE7-BBE4-0DA7C6356BA8}.Release|Any CPU.ActiveCfg = Release|Any CPU
		{E0C9BB34-B18B-4FE7-BBE4-0DA7C6356BA8}.Release|Any CPU.Build.0 = Release|Any CPU
		{8DC67972-D706-4940-9BBE-706405776843}.Debug|Any CPU.ActiveCfg = Debug|Any CPU
		{8DC67972-D706-4940-9BBE-706405776843}.Debug|Any CPU.Build.0 = Debug|Any CPU
		{8DC67972-D706-4940-9BBE-706405776843}.Release|Any CPU.ActiveCfg = Release|Any CPU
		{8DC67972-D706-4940-9BBE-706405776843}.Release|Any CPU.Build.0 = Release|Any CPU
		{5EAB07DA-6002-46F7-AB60-9F3EC30D172C}.Debug|Any CPU.ActiveCfg = Debug|Any CPU
		{5EAB07DA-6002-46F7-AB60-9F3EC30D172C}.Debug|Any CPU.Build.0 = Debug|Any CPU
		{5EAB07DA-6002-46F7-AB60-9F3EC30D172C}.Release|Any CPU.ActiveCfg = Release|Any CPU
		{5EAB07DA-6002-46F7-AB60-9F3EC30D172C}.Release|Any CPU.Build.0 = Release|Any CPU
		{6166BF99-54D1-4124-970A-FCEE87D007AA}.Debug|Any CPU.ActiveCfg = Debug|Any CPU
		{6166BF99-54D1-4124-970A-FCEE87D007AA}.Debug|Any CPU.Build.0 = Debug|Any CPU
		{6166BF99-54D1-4124-970A-FCEE87D007AA}.Release|Any CPU.ActiveCfg = Release|Any CPU
		{6166BF99-54D1-4124-970A-FCEE87D007AA}.Release|Any CPU.Build.0 = Release|Any CPU
		{DC045041-9A0A-406A-9D9D-A5519D215D74}.Debug|Any CPU.ActiveCfg = Debug|Any CPU
		{DC045041-9A0A-406A-9D9D-A5519D215D74}.Debug|Any CPU.Build.0 = Debug|Any CPU
		{DC045041-9A0A-406A-9D9D-A5519D215D74}.Release|Any CPU.ActiveCfg = Release|Any CPU
		{DC045041-9A0A-406A-9D9D-A5519D215D74}.Release|Any CPU.Build.0 = Release|Any CPU
		{BC847F7D-F8A1-4316-86BD-37A996D0C176}.Debug|Any CPU.ActiveCfg = Debug|Any CPU
		{BC847F7D-F8A1-4316-86BD-37A996D0C176}.Debug|Any CPU.Build.0 = Debug|Any CPU
		{BC847F7D-F8A1-4316-86BD-37A996D0C176}.Release|Any CPU.ActiveCfg = Release|Any CPU
		{BC847F7D-F8A1-4316-86BD-37A996D0C176}.Release|Any CPU.Build.0 = Release|Any CPU
		{3554B665-1454-46E2-83D6-F346D1EFEDAB}.Debug|Any CPU.ActiveCfg = Debug|Any CPU
		{3554B665-1454-46E2-83D6-F346D1EFEDAB}.Debug|Any CPU.Build.0 = Debug|Any CPU
		{3554B665-1454-46E2-83D6-F346D1EFEDAB}.Release|Any CPU.ActiveCfg = Release|Any CPU
		{3554B665-1454-46E2-83D6-F346D1EFEDAB}.Release|Any CPU.Build.0 = Release|Any CPU
		{3CA31D86-D3CE-44F2-B863-55DEC47565B0}.Debug|Any CPU.ActiveCfg = Debug|Any CPU
		{3CA31D86-D3CE-44F2-B863-55DEC47565B0}.Debug|Any CPU.Build.0 = Debug|Any CPU
		{3CA31D86-D3CE-44F2-B863-55DEC47565B0}.Release|Any CPU.ActiveCfg = Release|Any CPU
		{3CA31D86-D3CE-44F2-B863-55DEC47565B0}.Release|Any CPU.Build.0 = Release|Any CPU
		{1D9D8E50-DBA7-477D-9B03-7976D96BB20D}.Debug|Any CPU.ActiveCfg = Debug|Any CPU
		{1D9D8E50-DBA7-477D-9B03-7976D96BB20D}.Debug|Any CPU.Build.0 = Debug|Any CPU
		{1D9D8E50-DBA7-477D-9B03-7976D96BB20D}.Release|Any CPU.ActiveCfg = Release|Any CPU
		{1D9D8E50-DBA7-477D-9B03-7976D96BB20D}.Release|Any CPU.Build.0 = Release|Any CPU
		{188E3BE0-5B68-437D-B1B6-9DFC54810F6B}.Debug|Any CPU.ActiveCfg = Debug|Any CPU
		{188E3BE0-5B68-437D-B1B6-9DFC54810F6B}.Debug|Any CPU.Build.0 = Debug|Any CPU
		{188E3BE0-5B68-437D-B1B6-9DFC54810F6B}.Release|Any CPU.ActiveCfg = Release|Any CPU
		{188E3BE0-5B68-437D-B1B6-9DFC54810F6B}.Release|Any CPU.Build.0 = Release|Any CPU
		{8470D6B8-1DB0-48E7-9B8C-2638831DF276}.Debug|Any CPU.ActiveCfg = Debug|Any CPU
		{8470D6B8-1DB0-48E7-9B8C-2638831DF276}.Debug|Any CPU.Build.0 = Debug|Any CPU
		{8470D6B8-1DB0-48E7-9B8C-2638831DF276}.Release|Any CPU.ActiveCfg = Release|Any CPU
		{8470D6B8-1DB0-48E7-9B8C-2638831DF276}.Release|Any CPU.Build.0 = Release|Any CPU
		{4C778146-94C3-4165-885C-AE2F94F76CFD}.Debug|Any CPU.ActiveCfg = Debug|Any CPU
		{4C778146-94C3-4165-885C-AE2F94F76CFD}.Debug|Any CPU.Build.0 = Debug|Any CPU
		{4C778146-94C3-4165-885C-AE2F94F76CFD}.Release|Any CPU.ActiveCfg = Release|Any CPU
		{4C778146-94C3-4165-885C-AE2F94F76CFD}.Release|Any CPU.Build.0 = Release|Any CPU
		{86E8EB3B-BC53-4D3A-9671-861FAE979FDD}.Debug|Any CPU.ActiveCfg = Debug|Any CPU
		{86E8EB3B-BC53-4D3A-9671-861FAE979FDD}.Debug|Any CPU.Build.0 = Debug|Any CPU
		{86E8EB3B-BC53-4D3A-9671-861FAE979FDD}.Release|Any CPU.ActiveCfg = Release|Any CPU
		{86E8EB3B-BC53-4D3A-9671-861FAE979FDD}.Release|Any CPU.Build.0 = Release|Any CPU
		{4FC7AADF-A009-4FD6-982F-CDE76EDBCD79}.Debug|Any CPU.ActiveCfg = Debug|Any CPU
		{4FC7AADF-A009-4FD6-982F-CDE76EDBCD79}.Debug|Any CPU.Build.0 = Debug|Any CPU
		{4FC7AADF-A009-4FD6-982F-CDE76EDBCD79}.Release|Any CPU.ActiveCfg = Release|Any CPU
		{4FC7AADF-A009-4FD6-982F-CDE76EDBCD79}.Release|Any CPU.Build.0 = Release|Any CPU
		{C68F83EF-B398-48C6-BDDC-7DFB12A6B379}.Debug|Any CPU.ActiveCfg = Debug|Any CPU
		{C68F83EF-B398-48C6-BDDC-7DFB12A6B379}.Debug|Any CPU.Build.0 = Debug|Any CPU
		{C68F83EF-B398-48C6-BDDC-7DFB12A6B379}.Release|Any CPU.ActiveCfg = Release|Any CPU
		{C68F83EF-B398-48C6-BDDC-7DFB12A6B379}.Release|Any CPU.Build.0 = Release|Any CPU
		{30D4FB6B-441F-428A-9813-A5904D45C6B3}.Debug|Any CPU.ActiveCfg = Debug|Any CPU
		{30D4FB6B-441F-428A-9813-A5904D45C6B3}.Debug|Any CPU.Build.0 = Debug|Any CPU
		{30D4FB6B-441F-428A-9813-A5904D45C6B3}.Release|Any CPU.ActiveCfg = Release|Any CPU
		{30D4FB6B-441F-428A-9813-A5904D45C6B3}.Release|Any CPU.Build.0 = Release|Any CPU
		{889A58C2-FF3F-4E70-BB3C-13FB98D0401F}.Debug|Any CPU.ActiveCfg = Debug|Any CPU
		{889A58C2-FF3F-4E70-BB3C-13FB98D0401F}.Debug|Any CPU.Build.0 = Debug|Any CPU
		{889A58C2-FF3F-4E70-BB3C-13FB98D0401F}.Release|Any CPU.ActiveCfg = Release|Any CPU
		{889A58C2-FF3F-4E70-BB3C-13FB98D0401F}.Release|Any CPU.Build.0 = Release|Any CPU
		{16760C9D-144D-4B2B-9A8D-3FBFD6748424}.Debug|Any CPU.ActiveCfg = Debug|Any CPU
		{16760C9D-144D-4B2B-9A8D-3FBFD6748424}.Debug|Any CPU.Build.0 = Debug|Any CPU
		{16760C9D-144D-4B2B-9A8D-3FBFD6748424}.Release|Any CPU.ActiveCfg = Release|Any CPU
		{16760C9D-144D-4B2B-9A8D-3FBFD6748424}.Release|Any CPU.Build.0 = Release|Any CPU
		{C8CC60AA-986A-4C4C-910C-EB46FD7CBF23}.Debug|Any CPU.ActiveCfg = Debug|Any CPU
		{C8CC60AA-986A-4C4C-910C-EB46FD7CBF23}.Debug|Any CPU.Build.0 = Debug|Any CPU
		{C8CC60AA-986A-4C4C-910C-EB46FD7CBF23}.Release|Any CPU.ActiveCfg = Release|Any CPU
		{C8CC60AA-986A-4C4C-910C-EB46FD7CBF23}.Release|Any CPU.Build.0 = Release|Any CPU
	EndGlobalSection
	GlobalSection(SolutionProperties) = preSolution
		HideSolutionNode = FALSE
	EndGlobalSection
	GlobalSection(NestedProjects) = preSolution
		{86E8EB3B-BC53-4D3A-9671-861FAE979FDD} = {0A2E469E-1890-44A0-9A41-26609F01A754}
		{4FC7AADF-A009-4FD6-982F-CDE76EDBCD79} = {0A2E469E-1890-44A0-9A41-26609F01A754}
		{C68F83EF-B398-48C6-BDDC-7DFB12A6B379} = {0A2E469E-1890-44A0-9A41-26609F01A754}
		{30D4FB6B-441F-428A-9813-A5904D45C6B3} = {0A2E469E-1890-44A0-9A41-26609F01A754}
		{889A58C2-FF3F-4E70-BB3C-13FB98D0401F} = {0A2E469E-1890-44A0-9A41-26609F01A754}
		{16760C9D-144D-4B2B-9A8D-3FBFD6748424} = {0A2E469E-1890-44A0-9A41-26609F01A754}
		{C8CC60AA-986A-4C4C-910C-EB46FD7CBF23} = {0A2E469E-1890-44A0-9A41-26609F01A754}
	EndGlobalSection
	GlobalSection(ExtensibilityGlobals) = postSolution
		SolutionGuid = {4D52F791-7869-4713-B630-8387F4FEB69F}
	EndGlobalSection
EndGlobal
